
Microsoft Visual Studio Solution File, Format Version 12.00
# Visual Studio 15
VisualStudioVersion = 15.0.26124.0
MinimumVisualStudioVersion = 15.0.26124.0
Project("{FAE04EC0-301F-11D3-BF4B-00C04F79EFBC}") = "AuthServer", "AuthServer\AuthServer.csproj", "{53B9BE1B-4E8C-4F79-BEA8-7CF7ED2DF052}"
EndProject
Project("{FAE04EC0-301F-11D3-BF4B-00C04F79EFBC}") = "Client1", "Client1\Client1.csproj", "{304F7ACA-080C-4AE5-A04C-A7E02E9F7F49}"
EndProject
Project("{FAE04EC0-301F-11D3-BF4B-00C04F79EFBC}") = "Client2", "Client2\Client2.csproj", "{424E3CBA-75C9-4260-81C2-31A6391478F0}"
EndProject
Project("{FAE04EC0-301F-11D3-BF4B-00C04F79EFBC}") = "API1", "API1\API1.csproj", "{B330CB8D-BAD5-4CCD-AAB6-F61CA7E0FCAD}"
EndProject
Project("{FAE04EC0-301F-11D3-BF4B-00C04F79EFBC}") = "API2", "API2\API2.csproj", "{26222A8B-F99C-4BF6-BBF9-7CF1C7ABEA48}"
EndProject
Project("{FAE04EC0-301F-11D3-BF4B-00C04F79EFBC}") = "IdentityAPI", "IdentityAPI\IdentityAPI.csproj", "{0AF7C76B-9498-47DB-8908-258C4254097D}"
EndProject
Global
	GlobalSection(SolutionConfigurationPlatforms) = preSolution
		Debug|Any CPU = Debug|Any CPU
		Debug|x64 = Debug|x64
		Debug|x86 = Debug|x86
		Release|Any CPU = Release|Any CPU
		Release|x64 = Release|x64
		Release|x86 = Release|x86
	EndGlobalSection
	GlobalSection(SolutionProperties) = preSolution
		HideSolutionNode = FALSE
	EndGlobalSection
	GlobalSection(ProjectConfigurationPlatforms) = postSolution
		{70ABF317-A392-4D12-9A42-4CE1DBA4F755}.Debug|Any CPU.ActiveCfg = Debug|Any CPU
		{70ABF317-A392-4D12-9A42-4CE1DBA4F755}.Debug|Any CPU.Build.0 = Debug|Any CPU
		{70ABF317-A392-4D12-9A42-4CE1DBA4F755}.Debug|x64.ActiveCfg = Debug|Any CPU
		{70ABF317-A392-4D12-9A42-4CE1DBA4F755}.Debug|x64.Build.0 = Debug|Any CPU
		{70ABF317-A392-4D12-9A42-4CE1DBA4F755}.Debug|x86.ActiveCfg = Debug|Any CPU
		{70ABF317-A392-4D12-9A42-4CE1DBA4F755}.Debug|x86.Build.0 = Debug|Any CPU
		{70ABF317-A392-4D12-9A42-4CE1DBA4F755}.Release|Any CPU.ActiveCfg = Release|Any CPU
		{70ABF317-A392-4D12-9A42-4CE1DBA4F755}.Release|Any CPU.Build.0 = Release|Any CPU
		{70ABF317-A392-4D12-9A42-4CE1DBA4F755}.Release|x64.ActiveCfg = Release|Any CPU
		{70ABF317-A392-4D12-9A42-4CE1DBA4F755}.Release|x64.Build.0 = Release|Any CPU
		{70ABF317-A392-4D12-9A42-4CE1DBA4F755}.Release|x86.ActiveCfg = Release|Any CPU
		{70ABF317-A392-4D12-9A42-4CE1DBA4F755}.Release|x86.Build.0 = Release|Any CPU
		{53B9BE1B-4E8C-4F79-BEA8-7CF7ED2DF052}.Debug|Any CPU.ActiveCfg = Debug|Any CPU
		{53B9BE1B-4E8C-4F79-BEA8-7CF7ED2DF052}.Debug|Any CPU.Build.0 = Debug|Any CPU
		{53B9BE1B-4E8C-4F79-BEA8-7CF7ED2DF052}.Debug|x64.ActiveCfg = Debug|Any CPU
		{53B9BE1B-4E8C-4F79-BEA8-7CF7ED2DF052}.Debug|x64.Build.0 = Debug|Any CPU
		{53B9BE1B-4E8C-4F79-BEA8-7CF7ED2DF052}.Debug|x86.ActiveCfg = Debug|Any CPU
		{53B9BE1B-4E8C-4F79-BEA8-7CF7ED2DF052}.Debug|x86.Build.0 = Debug|Any CPU
		{53B9BE1B-4E8C-4F79-BEA8-7CF7ED2DF052}.Release|Any CPU.ActiveCfg = Release|Any CPU
		{53B9BE1B-4E8C-4F79-BEA8-7CF7ED2DF052}.Release|Any CPU.Build.0 = Release|Any CPU
		{53B9BE1B-4E8C-4F79-BEA8-7CF7ED2DF052}.Release|x64.ActiveCfg = Release|Any CPU
		{53B9BE1B-4E8C-4F79-BEA8-7CF7ED2DF052}.Release|x64.Build.0 = Release|Any CPU
		{53B9BE1B-4E8C-4F79-BEA8-7CF7ED2DF052}.Release|x86.ActiveCfg = Release|Any CPU
		{53B9BE1B-4E8C-4F79-BEA8-7CF7ED2DF052}.Release|x86.Build.0 = Release|Any CPU
		{304F7ACA-080C-4AE5-A04C-A7E02E9F7F49}.Debug|Any CPU.ActiveCfg = Debug|Any CPU
		{304F7ACA-080C-4AE5-A04C-A7E02E9F7F49}.Debug|Any CPU.Build.0 = Debug|Any CPU
		{304F7ACA-080C-4AE5-A04C-A7E02E9F7F49}.Debug|x64.ActiveCfg = Debug|Any CPU
		{304F7ACA-080C-4AE5-A04C-A7E02E9F7F49}.Debug|x64.Build.0 = Debug|Any CPU
		{304F7ACA-080C-4AE5-A04C-A7E02E9F7F49}.Debug|x86.ActiveCfg = Debug|Any CPU
		{304F7ACA-080C-4AE5-A04C-A7E02E9F7F49}.Debug|x86.Build.0 = Debug|Any CPU
		{304F7ACA-080C-4AE5-A04C-A7E02E9F7F49}.Release|Any CPU.ActiveCfg = Release|Any CPU
		{304F7ACA-080C-4AE5-A04C-A7E02E9F7F49}.Release|Any CPU.Build.0 = Release|Any CPU
		{304F7ACA-080C-4AE5-A04C-A7E02E9F7F49}.Release|x64.ActiveCfg = Release|Any CPU
		{304F7ACA-080C-4AE5-A04C-A7E02E9F7F49}.Release|x64.Build.0 = Release|Any CPU
		{304F7ACA-080C-4AE5-A04C-A7E02E9F7F49}.Release|x86.ActiveCfg = Release|Any CPU
		{304F7ACA-080C-4AE5-A04C-A7E02E9F7F49}.Release|x86.Build.0 = Release|Any CPU
		{424E3CBA-75C9-4260-81C2-31A6391478F0}.Debug|Any CPU.ActiveCfg = Debug|Any CPU
		{424E3CBA-75C9-4260-81C2-31A6391478F0}.Debug|Any CPU.Build.0 = Debug|Any CPU
		{424E3CBA-75C9-4260-81C2-31A6391478F0}.Debug|x64.ActiveCfg = Debug|Any CPU
		{424E3CBA-75C9-4260-81C2-31A6391478F0}.Debug|x64.Build.0 = Debug|Any CPU
		{424E3CBA-75C9-4260-81C2-31A6391478F0}.Debug|x86.ActiveCfg = Debug|Any CPU
		{424E3CBA-75C9-4260-81C2-31A6391478F0}.Debug|x86.Build.0 = Debug|Any CPU
		{424E3CBA-75C9-4260-81C2-31A6391478F0}.Release|Any CPU.ActiveCfg = Release|Any CPU
		{424E3CBA-75C9-4260-81C2-31A6391478F0}.Release|Any CPU.Build.0 = Release|Any CPU
		{424E3CBA-75C9-4260-81C2-31A6391478F0}.Release|x64.ActiveCfg = Release|Any CPU
		{424E3CBA-75C9-4260-81C2-31A6391478F0}.Release|x64.Build.0 = Release|Any CPU
		{424E3CBA-75C9-4260-81C2-31A6391478F0}.Release|x86.ActiveCfg = Release|Any CPU
		{424E3CBA-75C9-4260-81C2-31A6391478F0}.Release|x86.Build.0 = Release|Any CPU
		{B330CB8D-BAD5-4CCD-AAB6-F61CA7E0FCAD}.Debug|Any CPU.ActiveCfg = Debug|Any CPU
		{B330CB8D-BAD5-4CCD-AAB6-F61CA7E0FCAD}.Debug|Any CPU.Build.0 = Debug|Any CPU
		{B330CB8D-BAD5-4CCD-AAB6-F61CA7E0FCAD}.Debug|x64.ActiveCfg = Debug|Any CPU
		{B330CB8D-BAD5-4CCD-AAB6-F61CA7E0FCAD}.Debug|x64.Build.0 = Debug|Any CPU
		{B330CB8D-BAD5-4CCD-AAB6-F61CA7E0FCAD}.Debug|x86.ActiveCfg = Debug|Any CPU
		{B330CB8D-BAD5-4CCD-AAB6-F61CA7E0FCAD}.Debug|x86.Build.0 = Debug|Any CPU
		{B330CB8D-BAD5-4CCD-AAB6-F61CA7E0FCAD}.Release|Any CPU.ActiveCfg = Release|Any CPU
		{B330CB8D-BAD5-4CCD-AAB6-F61CA7E0FCAD}.Release|Any CPU.Build.0 = Release|Any CPU
		{B330CB8D-BAD5-4CCD-AAB6-F61CA7E0FCAD}.Release|x64.ActiveCfg = Release|Any CPU
		{B330CB8D-BAD5-4CCD-AAB6-F61CA7E0FCAD}.Release|x64.Build.0 = Release|Any CPU
		{B330CB8D-BAD5-4CCD-AAB6-F61CA7E0FCAD}.Release|x86.ActiveCfg = Release|Any CPU
		{B330CB8D-BAD5-4CCD-AAB6-F61CA7E0FCAD}.Release|x86.Build.0 = Release|Any CPU
		{26222A8B-F99C-4BF6-BBF9-7CF1C7ABEA48}.Debug|Any CPU.ActiveCfg = Debug|Any CPU
		{26222A8B-F99C-4BF6-BBF9-7CF1C7ABEA48}.Debug|Any CPU.Build.0 = Debug|Any CPU
		{26222A8B-F99C-4BF6-BBF9-7CF1C7ABEA48}.Debug|x64.ActiveCfg = Debug|Any CPU
		{26222A8B-F99C-4BF6-BBF9-7CF1C7ABEA48}.Debug|x64.Build.0 = Debug|Any CPU
		{26222A8B-F99C-4BF6-BBF9-7CF1C7ABEA48}.Debug|x86.ActiveCfg = Debug|Any CPU
		{26222A8B-F99C-4BF6-BBF9-7CF1C7ABEA48}.Debug|x86.Build.0 = Debug|Any CPU
		{26222A8B-F99C-4BF6-BBF9-7CF1C7ABEA48}.Release|Any CPU.ActiveCfg = Release|Any CPU
		{26222A8B-F99C-4BF6-BBF9-7CF1C7ABEA48}.Release|Any CPU.Build.0 = Release|Any CPU
		{26222A8B-F99C-4BF6-BBF9-7CF1C7ABEA48}.Release|x64.ActiveCfg = Release|Any CPU
		{26222A8B-F99C-4BF6-BBF9-7CF1C7ABEA48}.Release|x64.Build.0 = Release|Any CPU
		{26222A8B-F99C-4BF6-BBF9-7CF1C7ABEA48}.Release|x86.ActiveCfg = Release|Any CPU
		{26222A8B-F99C-4BF6-BBF9-7CF1C7ABEA48}.Release|x86.Build.0 = Release|Any CPU
		{0AF7C76B-9498-47DB-8908-258C4254097D}.Debug|Any CPU.ActiveCfg = Debug|Any CPU
		{0AF7C76B-9498-47DB-8908-258C4254097D}.Debug|Any CPU.Build.0 = Debug|Any CPU
		{0AF7C76B-9498-47DB-8908-258C4254097D}.Debug|x64.ActiveCfg = Debug|Any CPU
		{0AF7C76B-9498-47DB-8908-258C4254097D}.Debug|x64.Build.0 = Debug|Any CPU
		{0AF7C76B-9498-47DB-8908-258C4254097D}.Debug|x86.ActiveCfg = Debug|Any CPU
		{0AF7C76B-9498-47DB-8908-258C4254097D}.Debug|x86.Build.0 = Debug|Any CPU
		{0AF7C76B-9498-47DB-8908-258C4254097D}.Release|Any CPU.ActiveCfg = Release|Any CPU
		{0AF7C76B-9498-47DB-8908-258C4254097D}.Release|Any CPU.Build.0 = Release|Any CPU
		{0AF7C76B-9498-47DB-8908-258C4254097D}.Release|x64.ActiveCfg = Release|Any CPU
		{0AF7C76B-9498-47DB-8908-258C4254097D}.Release|x64.Build.0 = Release|Any CPU
		{0AF7C76B-9498-47DB-8908-258C4254097D}.Release|x86.ActiveCfg = Release|Any CPU
		{0AF7C76B-9498-47DB-8908-258C4254097D}.Release|x86.Build.0 = Release|Any CPU
	EndGlobalSection
EndGlobal
